// !$*UTF8*$!
{
	archiveVersion = 1;
	classes = {
	};
	objectVersion = 55;
	objects = {

/* Begin PBXBuildFile section */
		59169CB42BA75E240054D62B /* ConfigureTrackerViewController.swift in Sources */ = {isa = PBXBuildFile; fileRef = 59169CB32BA75E240054D62B /* ConfigureTrackerViewController.swift */; };
		59169CB82BA8C18D0054D62B /* TrackerRecord.swift in Sources */ = {isa = PBXBuildFile; fileRef = 59169CB72BA8C18D0054D62B /* TrackerRecord.swift */; };
		59169CBA2BA8C1D40054D62B /* TrackerCategory.swift in Sources */ = {isa = PBXBuildFile; fileRef = 59169CB92BA8C1D40054D62B /* TrackerCategory.swift */; };
		59169CBC2BA8DFB00054D62B /* ActivityTableCell.swift in Sources */ = {isa = PBXBuildFile; fileRef = 59169CBB2BA8DFB00054D62B /* ActivityTableCell.swift */; };
		59169CC42BAA19600054D62B /* ScheduleViewController.swift in Sources */ = {isa = PBXBuildFile; fileRef = 59169CC32BAA19600054D62B /* ScheduleViewController.swift */; };
		59169CC92BAA1B300054D62B /* ScheduleStructure.swift in Sources */ = {isa = PBXBuildFile; fileRef = 59169CC82BAA1B300054D62B /* ScheduleStructure.swift */; };
		59169CCB2BAA1E440054D62B /* ScheduleCell.swift in Sources */ = {isa = PBXBuildFile; fileRef = 59169CCA2BAA1E440054D62B /* ScheduleCell.swift */; };
		59169CCE2BAF5E6C0054D62B /* CategoryViewController.swift in Sources */ = {isa = PBXBuildFile; fileRef = 59169CCD2BAF5E6C0054D62B /* CategoryViewController.swift */; };
		59169CD02BB067100054D62B /* NewCategoryViewController.swift in Sources */ = {isa = PBXBuildFile; fileRef = 59169CCF2BB067100054D62B /* NewCategoryViewController.swift */; };
		59169CD22BB09A9B0054D62B /* EmptySearchPlaceholderView.swift in Sources */ = {isa = PBXBuildFile; fileRef = 59169CD12BB09A9B0054D62B /* EmptySearchPlaceholderView.swift */; };
		59169CD42BB0A94F0054D62B /* CategoryCell.swift in Sources */ = {isa = PBXBuildFile; fileRef = 59169CD32BB0A94F0054D62B /* CategoryCell.swift */; };
		59169CD92BB4A7F00054D62B /* EmojisAndColorsCell.swift in Sources */ = {isa = PBXBuildFile; fileRef = 59169CD82BB4A7F00054D62B /* EmojisAndColorsCell.swift */; };
		59169CDB2BB4A8970054D62B /* EmojisAndColorsHeader.swift in Sources */ = {isa = PBXBuildFile; fileRef = 59169CDA2BB4A8970054D62B /* EmojisAndColorsHeader.swift */; };
		59169CDD2BB4AC410054D62B /* UITextFieldExtension.swift in Sources */ = {isa = PBXBuildFile; fileRef = 59169CDC2BB4AC410054D62B /* UITextFieldExtension.swift */; };
		59169CE12BB9655A0054D62B /* Tracker.xcdatamodeld in Sources */ = {isa = PBXBuildFile; fileRef = 59169CDF2BB9655A0054D62B /* Tracker.xcdatamodeld */; };
		59169CE32BB992FA0054D62B /* TrackerStore.swift in Sources */ = {isa = PBXBuildFile; fileRef = 59169CE22BB992FA0054D62B /* TrackerStore.swift */; };
		59169CE52BB993960054D62B /* TrackerCategoryStore.swift in Sources */ = {isa = PBXBuildFile; fileRef = 59169CE42BB993960054D62B /* TrackerCategoryStore.swift */; };
		59169CE72BB994130054D62B /* TrackerRecordStore.swift in Sources */ = {isa = PBXBuildFile; fileRef = 59169CE62BB994130054D62B /* TrackerRecordStore.swift */; };
		59169CE92BB9947B0054D62B /* UIColorMarshalling.swift in Sources */ = {isa = PBXBuildFile; fileRef = 59169CE82BB9947B0054D62B /* UIColorMarshalling.swift */; };
		59169CEC2BBDF3F40054D62B /* OnboardingViewController.swift in Sources */ = {isa = PBXBuildFile; fileRef = 59169CEB2BBDF3F40054D62B /* OnboardingViewController.swift */; };
		59169CEE2BBDF5E10054D62B /* OnboardingPageViewController.swift in Sources */ = {isa = PBXBuildFile; fileRef = 59169CED2BBDF5E10054D62B /* OnboardingPageViewController.swift */; };
		59169CF02BC09BAB0054D62B /* CategoryViewModel.swift in Sources */ = {isa = PBXBuildFile; fileRef = 59169CEF2BC09BAB0054D62B /* CategoryViewModel.swift */; };
		5943F27F2B795382004D80FF /* AppDelegate.swift in Sources */ = {isa = PBXBuildFile; fileRef = 5943F27E2B795382004D80FF /* AppDelegate.swift */; };
		5943F2812B795382004D80FF /* SceneDelegate.swift in Sources */ = {isa = PBXBuildFile; fileRef = 5943F2802B795382004D80FF /* SceneDelegate.swift */; };
		5943F2882B79538C004D80FF /* Assets.xcassets in Resources */ = {isa = PBXBuildFile; fileRef = 5943F2872B79538C004D80FF /* Assets.xcassets */; };
		5943F28B2B79538C004D80FF /* LaunchScreen.storyboard in Resources */ = {isa = PBXBuildFile; fileRef = 5943F2892B79538C004D80FF /* LaunchScreen.storyboard */; };
		5943F2962B7E9CC7004D80FF /* UIColor+Extensions.swift in Sources */ = {isa = PBXBuildFile; fileRef = 5943F2952B7E9CC7004D80FF /* UIColor+Extensions.swift */; };
		59CDE85C2B8245980036FE76 /* StatisticsViewController.swift in Sources */ = {isa = PBXBuildFile; fileRef = 59CDE8592B8245980036FE76 /* StatisticsViewController.swift */; };
		59CDE85D2B8245980036FE76 /* TabBarController.swift in Sources */ = {isa = PBXBuildFile; fileRef = 59CDE85A2B8245980036FE76 /* TabBarController.swift */; };
		59CDE8832B890C820036FE76 /* Tracker.swift in Sources */ = {isa = PBXBuildFile; fileRef = 59CDE8822B890C820036FE76 /* Tracker.swift */; };
		59CDE8892B89134A0036FE76 /* TrackerCell.swift in Sources */ = {isa = PBXBuildFile; fileRef = 59CDE8882B89134A0036FE76 /* TrackerCell.swift */; };
		59CDE8902B8A23630036FE76 /* TrackersViewController.swift in Sources */ = {isa = PBXBuildFile; fileRef = 59CDE88F2B8A23630036FE76 /* TrackersViewController.swift */; };
		59CDE8922B8A6F640036FE76 /* AddTrackerVewController.swift in Sources */ = {isa = PBXBuildFile; fileRef = 59CDE8912B8A6F640036FE76 /* AddTrackerVewController.swift */; };
		59CDE8962B9501910036FE76 /* HeaderSectionView.swift in Sources */ = {isa = PBXBuildFile; fileRef = 59CDE8952B9501910036FE76 /* HeaderSectionView.swift */; };
		59CDE8982B9514C50036FE76 /* CollectionViewParameters.swift in Sources */ = {isa = PBXBuildFile; fileRef = 59CDE8972B9514C50036FE76 /* CollectionViewParameters.swift */; };
		59CDE89A2B95188E0036FE76 /* PlaceholderView.swift in Sources */ = {isa = PBXBuildFile; fileRef = 59CDE8992B95188E0036FE76 /* PlaceholderView.swift */; };
/* End PBXBuildFile section */

/* Begin PBXFileReference section */
		59169CB32BA75E240054D62B /* ConfigureTrackerViewController.swift */ = {isa = PBXFileReference; lastKnownFileType = sourcecode.swift; path = ConfigureTrackerViewController.swift; sourceTree = "<group>"; };
		59169CB72BA8C18D0054D62B /* TrackerRecord.swift */ = {isa = PBXFileReference; lastKnownFileType = sourcecode.swift; path = TrackerRecord.swift; sourceTree = "<group>"; };
		59169CB92BA8C1D40054D62B /* TrackerCategory.swift */ = {isa = PBXFileReference; lastKnownFileType = sourcecode.swift; path = TrackerCategory.swift; sourceTree = "<group>"; };
		59169CBB2BA8DFB00054D62B /* ActivityTableCell.swift */ = {isa = PBXFileReference; lastKnownFileType = sourcecode.swift; path = ActivityTableCell.swift; sourceTree = "<group>"; };
		59169CC32BAA19600054D62B /* ScheduleViewController.swift */ = {isa = PBXFileReference; lastKnownFileType = sourcecode.swift; path = ScheduleViewController.swift; sourceTree = "<group>"; };
		59169CC82BAA1B300054D62B /* ScheduleStructure.swift */ = {isa = PBXFileReference; lastKnownFileType = sourcecode.swift; path = ScheduleStructure.swift; sourceTree = "<group>"; };
		59169CCA2BAA1E440054D62B /* ScheduleCell.swift */ = {isa = PBXFileReference; lastKnownFileType = sourcecode.swift; path = ScheduleCell.swift; sourceTree = "<group>"; };
		59169CCD2BAF5E6C0054D62B /* CategoryViewController.swift */ = {isa = PBXFileReference; lastKnownFileType = sourcecode.swift; path = CategoryViewController.swift; sourceTree = "<group>"; };
		59169CCF2BB067100054D62B /* NewCategoryViewController.swift */ = {isa = PBXFileReference; lastKnownFileType = sourcecode.swift; path = NewCategoryViewController.swift; sourceTree = "<group>"; };
		59169CD12BB09A9B0054D62B /* EmptySearchPlaceholderView.swift */ = {isa = PBXFileReference; lastKnownFileType = sourcecode.swift; path = EmptySearchPlaceholderView.swift; sourceTree = "<group>"; };
		59169CD32BB0A94F0054D62B /* CategoryCell.swift */ = {isa = PBXFileReference; lastKnownFileType = sourcecode.swift; path = CategoryCell.swift; sourceTree = "<group>"; };
		59169CD82BB4A7F00054D62B /* EmojisAndColorsCell.swift */ = {isa = PBXFileReference; lastKnownFileType = sourcecode.swift; path = EmojisAndColorsCell.swift; sourceTree = "<group>"; };
		59169CDA2BB4A8970054D62B /* EmojisAndColorsHeader.swift */ = {isa = PBXFileReference; lastKnownFileType = sourcecode.swift; path = EmojisAndColorsHeader.swift; sourceTree = "<group>"; };
		59169CDC2BB4AC410054D62B /* UITextFieldExtension.swift */ = {isa = PBXFileReference; lastKnownFileType = sourcecode.swift; path = UITextFieldExtension.swift; sourceTree = "<group>"; };
		59169CE02BB9655A0054D62B /* Tracker.xcdatamodel */ = {isa = PBXFileReference; lastKnownFileType = wrapper.xcdatamodel; path = Tracker.xcdatamodel; sourceTree = "<group>"; };
		59169CE22BB992FA0054D62B /* TrackerStore.swift */ = {isa = PBXFileReference; lastKnownFileType = sourcecode.swift; path = TrackerStore.swift; sourceTree = "<group>"; };
		59169CE42BB993960054D62B /* TrackerCategoryStore.swift */ = {isa = PBXFileReference; lastKnownFileType = sourcecode.swift; path = TrackerCategoryStore.swift; sourceTree = "<group>"; };
		59169CE62BB994130054D62B /* TrackerRecordStore.swift */ = {isa = PBXFileReference; lastKnownFileType = sourcecode.swift; path = TrackerRecordStore.swift; sourceTree = "<group>"; };
		59169CE82BB9947B0054D62B /* UIColorMarshalling.swift */ = {isa = PBXFileReference; lastKnownFileType = sourcecode.swift; path = UIColorMarshalling.swift; sourceTree = "<group>"; };
		59169CEB2BBDF3F40054D62B /* OnboardingViewController.swift */ = {isa = PBXFileReference; lastKnownFileType = sourcecode.swift; path = OnboardingViewController.swift; sourceTree = "<group>"; };
		59169CED2BBDF5E10054D62B /* OnboardingPageViewController.swift */ = {isa = PBXFileReference; lastKnownFileType = sourcecode.swift; path = OnboardingPageViewController.swift; sourceTree = "<group>"; };
		59169CEF2BC09BAB0054D62B /* CategoryViewModel.swift */ = {isa = PBXFileReference; lastKnownFileType = sourcecode.swift; path = CategoryViewModel.swift; sourceTree = "<group>"; };
		5943F27B2B795381004D80FF /* Tracker.app */ = {isa = PBXFileReference; explicitFileType = wrapper.application; includeInIndex = 0; path = Tracker.app; sourceTree = BUILT_PRODUCTS_DIR; };
		5943F27E2B795382004D80FF /* AppDelegate.swift */ = {isa = PBXFileReference; lastKnownFileType = sourcecode.swift; path = AppDelegate.swift; sourceTree = "<group>"; };
		5943F2802B795382004D80FF /* SceneDelegate.swift */ = {isa = PBXFileReference; lastKnownFileType = sourcecode.swift; path = SceneDelegate.swift; sourceTree = "<group>"; };
		5943F2872B79538C004D80FF /* Assets.xcassets */ = {isa = PBXFileReference; lastKnownFileType = folder.assetcatalog; path = Assets.xcassets; sourceTree = "<group>"; };
		5943F28A2B79538C004D80FF /* Base */ = {isa = PBXFileReference; lastKnownFileType = file.storyboard; name = Base; path = Base.lproj/LaunchScreen.storyboard; sourceTree = "<group>"; };
		5943F28C2B79538C004D80FF /* Info.plist */ = {isa = PBXFileReference; lastKnownFileType = text.plist.xml; path = Info.plist; sourceTree = "<group>"; };
		5943F2952B7E9CC7004D80FF /* UIColor+Extensions.swift */ = {isa = PBXFileReference; lastKnownFileType = sourcecode.swift; path = "UIColor+Extensions.swift"; sourceTree = "<group>"; };
		59CDE8592B8245980036FE76 /* StatisticsViewController.swift */ = {isa = PBXFileReference; fileEncoding = 4; lastKnownFileType = sourcecode.swift; path = StatisticsViewController.swift; sourceTree = "<group>"; };
		59CDE85A2B8245980036FE76 /* TabBarController.swift */ = {isa = PBXFileReference; fileEncoding = 4; lastKnownFileType = sourcecode.swift; path = TabBarController.swift; sourceTree = "<group>"; };
		59CDE8822B890C820036FE76 /* Tracker.swift */ = {isa = PBXFileReference; lastKnownFileType = sourcecode.swift; path = Tracker.swift; sourceTree = "<group>"; };
		59CDE8882B89134A0036FE76 /* TrackerCell.swift */ = {isa = PBXFileReference; lastKnownFileType = sourcecode.swift; path = TrackerCell.swift; sourceTree = "<group>"; };
		59CDE88F2B8A23630036FE76 /* TrackersViewController.swift */ = {isa = PBXFileReference; lastKnownFileType = sourcecode.swift; path = TrackersViewController.swift; sourceTree = "<group>"; };
		59CDE8912B8A6F640036FE76 /* AddTrackerVewController.swift */ = {isa = PBXFileReference; lastKnownFileType = sourcecode.swift; path = AddTrackerVewController.swift; sourceTree = "<group>"; };
		59CDE8952B9501910036FE76 /* HeaderSectionView.swift */ = {isa = PBXFileReference; lastKnownFileType = sourcecode.swift; path = HeaderSectionView.swift; sourceTree = "<group>"; };
		59CDE8972B9514C50036FE76 /* CollectionViewParameters.swift */ = {isa = PBXFileReference; lastKnownFileType = sourcecode.swift; path = CollectionViewParameters.swift; sourceTree = "<group>"; };
		59CDE8992B95188E0036FE76 /* PlaceholderView.swift */ = {isa = PBXFileReference; lastKnownFileType = sourcecode.swift; path = PlaceholderView.swift; sourceTree = "<group>"; };
/* End PBXFileReference section */

/* Begin PBXFrameworksBuildPhase section */
		5943F2782B795381004D80FF /* Frameworks */ = {
			isa = PBXFrameworksBuildPhase;
			buildActionMask = 2147483647;
			files = (
			);
			runOnlyForDeploymentPostprocessing = 0;
		};
/* End PBXFrameworksBuildPhase section */

/* Begin PBXGroup section */
		59169CB52BA75E520054D62B /* NewTracker */ = {
			isa = PBXGroup;
			children = (
				59169CD72BB4A5FD0054D62B /* EmojisAndColors */,
				59CDE8912B8A6F640036FE76 /* AddTrackerVewController.swift */,
				59169CB32BA75E240054D62B /* ConfigureTrackerViewController.swift */,
				59169CBB2BA8DFB00054D62B /* ActivityTableCell.swift */,
			);
			path = NewTracker;
			sourceTree = "<group>";
		};
		59169CB62BA768E00054D62B /* TrackerCell */ = {
			isa = PBXGroup;
			children = (
				59CDE8952B9501910036FE76 /* HeaderSectionView.swift */,
				59CDE8882B89134A0036FE76 /* TrackerCell.swift */,
			);
			path = TrackerCell;
			sourceTree = "<group>";
		};
		59169CC22BAA19310054D62B /* Schedule */ = {
			isa = PBXGroup;
			children = (
				59169CC32BAA19600054D62B /* ScheduleViewController.swift */,
				59169CC82BAA1B300054D62B /* ScheduleStructure.swift */,
				59169CCA2BAA1E440054D62B /* ScheduleCell.swift */,
			);
			path = Schedule;
			sourceTree = "<group>";
		};
		59169CC72BAA1A8A0054D62B /* TrackerStructures */ = {
			isa = PBXGroup;
			children = (
				59169CB92BA8C1D40054D62B /* TrackerCategory.swift */,
				59169CB72BA8C18D0054D62B /* TrackerRecord.swift */,
				59CDE8822B890C820036FE76 /* Tracker.swift */,
			);
			path = TrackerStructures;
			sourceTree = "<group>";
		};
		59169CCC2BAF5E380054D62B /* Category */ = {
			isa = PBXGroup;
			children = (
				59169CCD2BAF5E6C0054D62B /* CategoryViewController.swift */,
				59169CEF2BC09BAB0054D62B /* CategoryViewModel.swift */,
				59169CCF2BB067100054D62B /* NewCategoryViewController.swift */,
				59169CD32BB0A94F0054D62B /* CategoryCell.swift */,
			);
			name = Category;
			path = ..;
			sourceTree = "<group>";
		};
		59169CD72BB4A5FD0054D62B /* EmojisAndColors */ = {
			isa = PBXGroup;
			children = (
				59169CD82BB4A7F00054D62B /* EmojisAndColorsCell.swift */,
				59169CDA2BB4A8970054D62B /* EmojisAndColorsHeader.swift */,
			);
			path = EmojisAndColors;
			sourceTree = "<group>";
		};
		59169CDE2BB9649A0054D62B /* CoreData */ = {
			isa = PBXGroup;
			children = (
				59169CDF2BB9655A0054D62B /* Tracker.xcdatamodeld */,
				59169CE82BB9947B0054D62B /* UIColorMarshalling.swift */,
				59169CE42BB993960054D62B /* TrackerCategoryStore.swift */,
				59169CE22BB992FA0054D62B /* TrackerStore.swift */,
				59169CE62BB994130054D62B /* TrackerRecordStore.swift */,
			);
			path = CoreData;
			sourceTree = "<group>";
		};
		59169CEA2BBDF3960054D62B /* OnboardingScreen */ = {
			isa = PBXGroup;
			children = (
				59169CEB2BBDF3F40054D62B /* OnboardingViewController.swift */,
				59169CED2BBDF5E10054D62B /* OnboardingPageViewController.swift */,
			);
			path = OnboardingScreen;
			sourceTree = "<group>";
		};
		5943F2722B795381004D80FF = {
			isa = PBXGroup;
			children = (
				5943F27D2B795382004D80FF /* Tracker */,
				5943F27C2B795381004D80FF /* Products */,
			);
			sourceTree = "<group>";
		};
		5943F27C2B795381004D80FF /* Products */ = {
			isa = PBXGroup;
			children = (
				5943F27B2B795381004D80FF /* Tracker.app */,
			);
			name = Products;
			sourceTree = "<group>";
		};
		5943F27D2B795382004D80FF /* Tracker */ = {
			isa = PBXGroup;
			children = (
				5943F27E2B795382004D80FF /* AppDelegate.swift */,
				5943F2802B795382004D80FF /* SceneDelegate.swift */,
				59169CEA2BBDF3960054D62B /* OnboardingScreen */,
				59CDE88D2B891C990036FE76 /* TabBar */,
				59CDE88E2B891CB80036FE76 /* Statistics */,
				59CDE88A2B891BE50036FE76 /* Trackers */,
				59169CDE2BB9649A0054D62B /* CoreData */,
				5943F2942B7E9C91004D80FF /* Helpers */,
				5943F2872B79538C004D80FF /* Assets.xcassets */,
				5943F2892B79538C004D80FF /* LaunchScreen.storyboard */,
				5943F28C2B79538C004D80FF /* Info.plist */,
			);
			path = Tracker;
			sourceTree = "<group>";
		};
		5943F2942B7E9C91004D80FF /* Helpers */ = {
			isa = PBXGroup;
			children = (
				59CDE8972B9514C50036FE76 /* CollectionViewParameters.swift */,
				5943F2952B7E9CC7004D80FF /* UIColor+Extensions.swift */,
				59169CDC2BB4AC410054D62B /* UITextFieldExtension.swift */,
			);
			path = Helpers;
			sourceTree = "<group>";
		};
		59CDE88A2B891BE50036FE76 /* Trackers */ = {
			isa = PBXGroup;
			children = (
				59169CC72BAA1A8A0054D62B /* TrackerStructures */,
				59169CB62BA768E00054D62B /* TrackerCell */,
				59CDE88F2B8A23630036FE76 /* TrackersViewController.swift */,
				59CDE8992B95188E0036FE76 /* PlaceholderView.swift */,
				59169CD12BB09A9B0054D62B /* EmptySearchPlaceholderView.swift */,
				59169CCC2BAF5E380054D62B /* Category */,
				59169CC22BAA19310054D62B /* Schedule */,
				59169CB52BA75E520054D62B /* NewTracker */,
			);
			path = Trackers;
			sourceTree = "<group>";
		};
		59CDE88D2B891C990036FE76 /* TabBar */ = {
			isa = PBXGroup;
			children = (
				59CDE85A2B8245980036FE76 /* TabBarController.swift */,
			);
			path = TabBar;
			sourceTree = "<group>";
		};
		59CDE88E2B891CB80036FE76 /* Statistics */ = {
			isa = PBXGroup;
			children = (
				59CDE8592B8245980036FE76 /* StatisticsViewController.swift */,
			);
			path = Statistics;
			sourceTree = "<group>";
		};
/* End PBXGroup section */

/* Begin PBXNativeTarget section */
		5943F27A2B795381004D80FF /* Tracker */ = {
			isa = PBXNativeTarget;
			buildConfigurationList = 5943F28F2B79538C004D80FF /* Build configuration list for PBXNativeTarget "Tracker" */;
			buildPhases = (
				5943F2772B795381004D80FF /* Sources */,
				5943F2782B795381004D80FF /* Frameworks */,
				5943F2792B795381004D80FF /* Resources */,
			);
			buildRules = (
			);
			dependencies = (
			);
			name = Tracker;
			productName = Tracker;
			productReference = 5943F27B2B795381004D80FF /* Tracker.app */;
			productType = "com.apple.product-type.application";
		};
/* End PBXNativeTarget section */

/* Begin PBXProject section */
		5943F2732B795381004D80FF /* Project object */ = {
			isa = PBXProject;
			attributes = {
				BuildIndependentTargetsInParallel = 1;
				LastSwiftUpdateCheck = 1340;
				LastUpgradeCheck = 1340;
				TargetAttributes = {
					5943F27A2B795381004D80FF = {
						CreatedOnToolsVersion = 13.4.1;
					};
				};
			};
			buildConfigurationList = 5943F2762B795381004D80FF /* Build configuration list for PBXProject "Tracker" */;
			compatibilityVersion = "Xcode 13.0";
			developmentRegion = en;
			hasScannedForEncodings = 0;
			knownRegions = (
				en,
				Base,
			);
			mainGroup = 5943F2722B795381004D80FF;
			productRefGroup = 5943F27C2B795381004D80FF /* Products */;
			projectDirPath = "";
			projectRoot = "";
			targets = (
				5943F27A2B795381004D80FF /* Tracker */,
			);
		};
/* End PBXProject section */

/* Begin PBXResourcesBuildPhase section */
		5943F2792B795381004D80FF /* Resources */ = {
			isa = PBXResourcesBuildPhase;
			buildActionMask = 2147483647;
			files = (
				5943F28B2B79538C004D80FF /* LaunchScreen.storyboard in Resources */,
				5943F2882B79538C004D80FF /* Assets.xcassets in Resources */,
			);
			runOnlyForDeploymentPostprocessing = 0;
		};
/* End PBXResourcesBuildPhase section */

/* Begin PBXSourcesBuildPhase section */
		5943F2772B795381004D80FF /* Sources */ = {
			isa = PBXSourcesBuildPhase;
			buildActionMask = 2147483647;
			files = (
				59169CBA2BA8C1D40054D62B /* TrackerCategory.swift in Sources */,
				59169CDD2BB4AC410054D62B /* UITextFieldExtension.swift in Sources */,
				59169CE92BB9947B0054D62B /* UIColorMarshalling.swift in Sources */,
				59169CDB2BB4A8970054D62B /* EmojisAndColorsHeader.swift in Sources */,
				59169CD22BB09A9B0054D62B /* EmptySearchPlaceholderView.swift in Sources */,
				59169CE32BB992FA0054D62B /* TrackerStore.swift in Sources */,
				59CDE85D2B8245980036FE76 /* TabBarController.swift in Sources */,
				5943F2962B7E9CC7004D80FF /* UIColor+Extensions.swift in Sources */,
				59CDE8982B9514C50036FE76 /* CollectionViewParameters.swift in Sources */,
				59CDE8902B8A23630036FE76 /* TrackersViewController.swift in Sources */,
				59169CEE2BBDF5E10054D62B /* OnboardingPageViewController.swift in Sources */,
				59169CBC2BA8DFB00054D62B /* ActivityTableCell.swift in Sources */,
				59169CC42BAA19600054D62B /* ScheduleViewController.swift in Sources */,
				59169CCB2BAA1E440054D62B /* ScheduleCell.swift in Sources */,
				59169CD02BB067100054D62B /* NewCategoryViewController.swift in Sources */,
				59169CD42BB0A94F0054D62B /* CategoryCell.swift in Sources */,
				59CDE8922B8A6F640036FE76 /* AddTrackerVewController.swift in Sources */,
				59CDE89A2B95188E0036FE76 /* PlaceholderView.swift in Sources */,
				59CDE8892B89134A0036FE76 /* TrackerCell.swift in Sources */,
				59CDE8832B890C820036FE76 /* Tracker.swift in Sources */,
				59169CC92BAA1B300054D62B /* ScheduleStructure.swift in Sources */,
				59169CB82BA8C18D0054D62B /* TrackerRecord.swift in Sources */,
				59169CE72BB994130054D62B /* TrackerRecordStore.swift in Sources */,
				5943F27F2B795382004D80FF /* AppDelegate.swift in Sources */,
				59169CCE2BAF5E6C0054D62B /* CategoryViewController.swift in Sources */,
				59169CB42BA75E240054D62B /* ConfigureTrackerViewController.swift in Sources */,
				59169CF02BC09BAB0054D62B /* CategoryViewModel.swift in Sources */,
				5943F2812B795382004D80FF /* SceneDelegate.swift in Sources */,
				59169CE12BB9655A0054D62B /* Tracker.xcdatamodeld in Sources */,
				59169CEC2BBDF3F40054D62B /* OnboardingViewController.swift in Sources */,
				59169CE52BB993960054D62B /* TrackerCategoryStore.swift in Sources */,
				59CDE85C2B8245980036FE76 /* StatisticsViewController.swift in Sources */,
				59169CD92BB4A7F00054D62B /* EmojisAndColorsCell.swift in Sources */,
				59CDE8962B9501910036FE76 /* HeaderSectionView.swift in Sources */,
			);
			runOnlyForDeploymentPostprocessing = 0;
		};
/* End PBXSourcesBuildPhase section */

/* Begin PBXVariantGroup section */
		5943F2892B79538C004D80FF /* LaunchScreen.storyboard */ = {
			isa = PBXVariantGroup;
			children = (
				5943F28A2B79538C004D80FF /* Base */,
			);
			name = LaunchScreen.storyboard;
			sourceTree = "<group>";
		};
/* End PBXVariantGroup section */

/* Begin XCBuildConfiguration section */
		5943F28D2B79538C004D80FF /* Debug */ = {
			isa = XCBuildConfiguration;
			buildSettings = {
				ALWAYS_SEARCH_USER_PATHS = NO;
				CLANG_ANALYZER_NONNULL = YES;
				CLANG_ANALYZER_NUMBER_OBJECT_CONVERSION = YES_AGGRESSIVE;
				CLANG_CXX_LANGUAGE_STANDARD = "gnu++17";
				CLANG_ENABLE_MODULES = YES;
				CLANG_ENABLE_OBJC_ARC = YES;
				CLANG_ENABLE_OBJC_WEAK = YES;
				CLANG_WARN_BLOCK_CAPTURE_AUTORELEASING = YES;
				CLANG_WARN_BOOL_CONVERSION = YES;
				CLANG_WARN_COMMA = YES;
				CLANG_WARN_CONSTANT_CONVERSION = YES;
				CLANG_WARN_DEPRECATED_OBJC_IMPLEMENTATIONS = YES;
				CLANG_WARN_DIRECT_OBJC_ISA_USAGE = YES_ERROR;
				CLANG_WARN_DOCUMENTATION_COMMENTS = YES;
				CLANG_WARN_EMPTY_BODY = YES;
				CLANG_WARN_ENUM_CONVERSION = YES;
				CLANG_WARN_INFINITE_RECURSION = YES;
				CLANG_WARN_INT_CONVERSION = YES;
				CLANG_WARN_NON_LITERAL_NULL_CONVERSION = YES;
				CLANG_WARN_OBJC_IMPLICIT_RETAIN_SELF = YES;
				CLANG_WARN_OBJC_LITERAL_CONVERSION = YES;
				CLANG_WARN_OBJC_ROOT_CLASS = YES_ERROR;
				CLANG_WARN_QUOTED_INCLUDE_IN_FRAMEWORK_HEADER = YES;
				CLANG_WARN_RANGE_LOOP_ANALYSIS = YES;
				CLANG_WARN_STRICT_PROTOTYPES = YES;
				CLANG_WARN_SUSPICIOUS_MOVE = YES;
				CLANG_WARN_UNGUARDED_AVAILABILITY = YES_AGGRESSIVE;
				CLANG_WARN_UNREACHABLE_CODE = YES;
				CLANG_WARN__DUPLICATE_METHOD_MATCH = YES;
				COPY_PHASE_STRIP = NO;
				DEBUG_INFORMATION_FORMAT = dwarf;
				ENABLE_STRICT_OBJC_MSGSEND = YES;
				ENABLE_TESTABILITY = YES;
				GCC_C_LANGUAGE_STANDARD = gnu11;
				GCC_DYNAMIC_NO_PIC = NO;
				GCC_NO_COMMON_BLOCKS = YES;
				GCC_OPTIMIZATION_LEVEL = 0;
				GCC_PREPROCESSOR_DEFINITIONS = (
					"DEBUG=1",
					"$(inherited)",
				);
				GCC_WARN_64_TO_32_BIT_CONVERSION = YES;
				GCC_WARN_ABOUT_RETURN_TYPE = YES_ERROR;
				GCC_WARN_UNDECLARED_SELECTOR = YES;
				GCC_WARN_UNINITIALIZED_AUTOS = YES_AGGRESSIVE;
				GCC_WARN_UNUSED_FUNCTION = YES;
				GCC_WARN_UNUSED_VARIABLE = YES;
				IPHONEOS_DEPLOYMENT_TARGET = 15.5;
				MTL_ENABLE_DEBUG_INFO = INCLUDE_SOURCE;
				MTL_FAST_MATH = YES;
				ONLY_ACTIVE_ARCH = YES;
				SDKROOT = iphoneos;
				SWIFT_ACTIVE_COMPILATION_CONDITIONS = DEBUG;
				SWIFT_OPTIMIZATION_LEVEL = "-Onone";
			};
			name = Debug;
		};
		5943F28E2B79538C004D80FF /* Release */ = {
			isa = XCBuildConfiguration;
			buildSettings = {
				ALWAYS_SEARCH_USER_PATHS = NO;
				CLANG_ANALYZER_NONNULL = YES;
				CLANG_ANALYZER_NUMBER_OBJECT_CONVERSION = YES_AGGRESSIVE;
				CLANG_CXX_LANGUAGE_STANDARD = "gnu++17";
				CLANG_ENABLE_MODULES = YES;
				CLANG_ENABLE_OBJC_ARC = YES;
				CLANG_ENABLE_OBJC_WEAK = YES;
				CLANG_WARN_BLOCK_CAPTURE_AUTORELEASING = YES;
				CLANG_WARN_BOOL_CONVERSION = YES;
				CLANG_WARN_COMMA = YES;
				CLANG_WARN_CONSTANT_CONVERSION = YES;
				CLANG_WARN_DEPRECATED_OBJC_IMPLEMENTATIONS = YES;
				CLANG_WARN_DIRECT_OBJC_ISA_USAGE = YES_ERROR;
				CLANG_WARN_DOCUMENTATION_COMMENTS = YES;
				CLANG_WARN_EMPTY_BODY = YES;
				CLANG_WARN_ENUM_CONVERSION = YES;
				CLANG_WARN_INFINITE_RECURSION = YES;
				CLANG_WARN_INT_CONVERSION = YES;
				CLANG_WARN_NON_LITERAL_NULL_CONVERSION = YES;
				CLANG_WARN_OBJC_IMPLICIT_RETAIN_SELF = YES;
				CLANG_WARN_OBJC_LITERAL_CONVERSION = YES;
				CLANG_WARN_OBJC_ROOT_CLASS = YES_ERROR;
				CLANG_WARN_QUOTED_INCLUDE_IN_FRAMEWORK_HEADER = YES;
				CLANG_WARN_RANGE_LOOP_ANALYSIS = YES;
				CLANG_WARN_STRICT_PROTOTYPES = YES;
				CLANG_WARN_SUSPICIOUS_MOVE = YES;
				CLANG_WARN_UNGUARDED_AVAILABILITY = YES_AGGRESSIVE;
				CLANG_WARN_UNREACHABLE_CODE = YES;
				CLANG_WARN__DUPLICATE_METHOD_MATCH = YES;
				COPY_PHASE_STRIP = NO;
				DEBUG_INFORMATION_FORMAT = "dwarf-with-dsym";
				ENABLE_NS_ASSERTIONS = NO;
				ENABLE_STRICT_OBJC_MSGSEND = YES;
				GCC_C_LANGUAGE_STANDARD = gnu11;
				GCC_NO_COMMON_BLOCKS = YES;
				GCC_WARN_64_TO_32_BIT_CONVERSION = YES;
				GCC_WARN_ABOUT_RETURN_TYPE = YES_ERROR;
				GCC_WARN_UNDECLARED_SELECTOR = YES;
				GCC_WARN_UNINITIALIZED_AUTOS = YES_AGGRESSIVE;
				GCC_WARN_UNUSED_FUNCTION = YES;
				GCC_WARN_UNUSED_VARIABLE = YES;
				IPHONEOS_DEPLOYMENT_TARGET = 15.5;
				MTL_ENABLE_DEBUG_INFO = NO;
				MTL_FAST_MATH = YES;
				SDKROOT = iphoneos;
				SWIFT_COMPILATION_MODE = wholemodule;
				SWIFT_OPTIMIZATION_LEVEL = "-O";
				VALIDATE_PRODUCT = YES;
			};
			name = Release;
		};
		5943F2902B79538C004D80FF /* Debug */ = {
			isa = XCBuildConfiguration;
			buildSettings = {
				ASSETCATALOG_COMPILER_APPICON_NAME = AppIcon;
				ASSETCATALOG_COMPILER_GLOBAL_ACCENT_COLOR_NAME = AccentColor;
				CODE_SIGN_STYLE = Automatic;
				CURRENT_PROJECT_VERSION = 1;
				DEVELOPMENT_TEAM = 3U52ZX6J4K;
				GENERATE_INFOPLIST_FILE = YES;
				INFOPLIST_FILE = Tracker/Info.plist;
				INFOPLIST_KEY_UIApplicationSupportsIndirectInputEvents = YES;
				INFOPLIST_KEY_UILaunchStoryboardName = LaunchScreen;
				INFOPLIST_KEY_UISupportedInterfaceOrientations = UIInterfaceOrientationPortrait;
				INFOPLIST_KEY_UISupportedInterfaceOrientations_iPad = "UIInterfaceOrientationPortrait UIInterfaceOrientationPortraitUpsideDown UIInterfaceOrientationLandscapeLeft UIInterfaceOrientationLandscapeRight";
				INFOPLIST_KEY_UISupportedInterfaceOrientations_iPhone = UIInterfaceOrientationPortrait;
				IPHONEOS_DEPLOYMENT_TARGET = 13.4;
				LD_RUNPATH_SEARCH_PATHS = (
					"$(inherited)",
					"@executable_path/Frameworks",
				);
				MARKETING_VERSION = 1.0;
				PRODUCT_BUNDLE_IDENTIFIER = ru.zakharova.Tracker;
				PRODUCT_NAME = "$(TARGET_NAME)";
				SWIFT_EMIT_LOC_STRINGS = YES;
				SWIFT_VERSION = 5.0;
				TARGETED_DEVICE_FAMILY = 1;
			};
			name = Debug;
		};
		5943F2912B79538C004D80FF /* Release */ = {
			isa = XCBuildConfiguration;
			buildSettings = {
				ASSETCATALOG_COMPILER_APPICON_NAME = AppIcon;
				ASSETCATALOG_COMPILER_GLOBAL_ACCENT_COLOR_NAME = AccentColor;
				CODE_SIGN_STYLE = Automatic;
				CURRENT_PROJECT_VERSION = 1;
				DEVELOPMENT_TEAM = 3U52ZX6J4K;
				GENERATE_INFOPLIST_FILE = YES;
				INFOPLIST_FILE = Tracker/Info.plist;
				INFOPLIST_KEY_UIApplicationSupportsIndirectInputEvents = YES;
				INFOPLIST_KEY_UILaunchStoryboardName = LaunchScreen;
				INFOPLIST_KEY_UISupportedInterfaceOrientations = UIInterfaceOrientationPortrait;
				INFOPLIST_KEY_UISupportedInterfaceOrientations_iPad = "UIInterfaceOrientationPortrait UIInterfaceOrientationPortraitUpsideDown UIInterfaceOrientationLandscapeLeft UIInterfaceOrientationLandscapeRight";
				INFOPLIST_KEY_UISupportedInterfaceOrientations_iPhone = UIInterfaceOrientationPortrait;
				IPHONEOS_DEPLOYMENT_TARGET = 13.4;
				LD_RUNPATH_SEARCH_PATHS = (
					"$(inherited)",
					"@executable_path/Frameworks",
				);
				MARKETING_VERSION = 1.0;
				PRODUCT_BUNDLE_IDENTIFIER = ru.zakharova.Tracker;
				PRODUCT_NAME = "$(TARGET_NAME)";
				SWIFT_EMIT_LOC_STRINGS = YES;
				SWIFT_VERSION = 5.0;
				TARGETED_DEVICE_FAMILY = 1;
			};
			name = Release;
		};
/* End XCBuildConfiguration section */

/* Begin XCConfigurationList section */
		5943F2762B795381004D80FF /* Build configuration list for PBXProject "Tracker" */ = {
			isa = XCConfigurationList;
			buildConfigurations = (
				5943F28D2B79538C004D80FF /* Debug */,
				5943F28E2B79538C004D80FF /* Release */,
			);
			defaultConfigurationIsVisible = 0;
			defaultConfigurationName = Release;
		};
		5943F28F2B79538C004D80FF /* Build configuration list for PBXNativeTarget "Tracker" */ = {
			isa = XCConfigurationList;
			buildConfigurations = (
				5943F2902B79538C004D80FF /* Debug */,
				5943F2912B79538C004D80FF /* Release */,
			);
			defaultConfigurationIsVisible = 0;
			defaultConfigurationName = Release;
		};
/* End XCConfigurationList section */

/* Begin XCVersionGroup section */
		59169CDF2BB9655A0054D62B /* Tracker.xcdatamodeld */ = {
			isa = XCVersionGroup;
			children = (
				59169CE02BB9655A0054D62B /* Tracker.xcdatamodel */,
			);
			currentVersion = 59169CE02BB9655A0054D62B /* Tracker.xcdatamodel */;
			path = Tracker.xcdatamodeld;
			sourceTree = "<group>";
			versionGroupType = wrapper.xcdatamodel;
		};
/* End XCVersionGroup section */
	};
	rootObject = 5943F2732B795381004D80FF /* Project object */;
}
